
Microsoft Visual Studio Solution File, Format Version 12.00
# Visual Studio Version 16
VisualStudioVersion = 16.0.29411.108
MinimumVisualStudioVersion = 10.0.40219.1
Project("{9A19103F-16F7-4668-BE54-9A1E7A4F7556}") = "OpenActive.Server.NET", "OpenActive.Server.NET\OpenActive.Server.NET.csproj", "{0FAB48CA-E132-4272-A314-77002BBE57A0}"
EndProject
Project("{FAE04EC0-301F-11D3-BF4B-00C04F79EFBC}") = "BookingSystem.AspNetCore", "Examples\BookingSystem.AspNetCore\BookingSystem.AspNetCore.csproj", "{29A8AF39-ED3C-4433-8103-3535CE8C32EC}"
EndProject
Project("{2150E333-8FDC-42A3-9474-1A3956D46DE8}") = "Examples", "Examples", "{10E2B727-375B-4DAF-9341-96516A00B5E1}"
	ProjectSection(SolutionItems) = preProject
		Examples\updateFrameworkFromCore.cmd = Examples\updateFrameworkFromCore.cmd
	EndProjectSection
EndProject
Project("{FAE04EC0-301F-11D3-BF4B-00C04F79EFBC}") = "BookingSystem.AspNetFramework", "Examples\BookingSystem.AspNetFramework\BookingSystem.AspNetFramework.csproj", "{CF04DB83-3371-4F14-B05B-86C0F7EADF30}"
EndProject
Project("{FAE04EC0-301F-11D3-BF4B-00C04F79EFBC}") = "BookingSystem.AspNetFramework.Tests", "Examples\BookingSystem.AspNetFramework.Tests\BookingSystem.AspNetFramework.Tests.csproj", "{6D779718-C02A-4EF1-8E16-229F52A416C7}"
EndProject
Project("{FAE04EC0-301F-11D3-BF4B-00C04F79EFBC}") = "OpenActive.Server.NET.Tests", "OpenActive.Server.NET.Tests\OpenActive.Server.NET.Tests.csproj", "{28577B26-CC31-4BC7-A3C0-AF77711A046A}"
EndProject
Project("{2150E333-8FDC-42A3-9474-1A3956D46DE8}") = "Fakes", "Fakes", "{1AA583F8-863F-47D4-9FDF-C43664DAAF6E}"
EndProject
Project("{FAE04EC0-301F-11D3-BF4B-00C04F79EFBC}") = "OpenActive.FakeDatabase.NET", "Fakes\OpenActive.FakeDatabase.NET\OpenActive.FakeDatabase.NET.csproj", "{81C43FE1-AA19-435F-95A3-6AADFE9637FB}"
EndProject
Project("{FAE04EC0-301F-11D3-BF4B-00C04F79EFBC}") = "OpenActive.FakeDatabase.NET.Tests", "Fakes\OpenActive.FakeDatabase.NET.Tests\OpenActive.FakeDatabase.NET.Tests.csproj", "{ABADBE91-6F23-4646-A0D0-3C0CB30CE1C7}"
EndProject
Global
	GlobalSection(SolutionConfigurationPlatforms) = preSolution
		Debug|Any CPU = Debug|Any CPU
		Release|Any CPU = Release|Any CPU
	EndGlobalSection
	GlobalSection(ProjectConfigurationPlatforms) = postSolution
		{0FAB48CA-E132-4272-A314-77002BBE57A0}.Debug|Any CPU.ActiveCfg = Debug|Any CPU
		{0FAB48CA-E132-4272-A314-77002BBE57A0}.Debug|Any CPU.Build.0 = Debug|Any CPU
		{0FAB48CA-E132-4272-A314-77002BBE57A0}.Release|Any CPU.ActiveCfg = Release|Any CPU
		{0FAB48CA-E132-4272-A314-77002BBE57A0}.Release|Any CPU.Build.0 = Release|Any CPU
		{29A8AF39-ED3C-4433-8103-3535CE8C32EC}.Debug|Any CPU.ActiveCfg = Debug|Any CPU
		{29A8AF39-ED3C-4433-8103-3535CE8C32EC}.Debug|Any CPU.Build.0 = Debug|Any CPU
		{29A8AF39-ED3C-4433-8103-3535CE8C32EC}.Release|Any CPU.ActiveCfg = Release|Any CPU
		{29A8AF39-ED3C-4433-8103-3535CE8C32EC}.Release|Any CPU.Build.0 = Release|Any CPU
		{CF04DB83-3371-4F14-B05B-86C0F7EADF30}.Debug|Any CPU.ActiveCfg = Debug|Any CPU
		{CF04DB83-3371-4F14-B05B-86C0F7EADF30}.Debug|Any CPU.Build.0 = Debug|Any CPU
		{CF04DB83-3371-4F14-B05B-86C0F7EADF30}.Release|Any CPU.ActiveCfg = Release|Any CPU
		{CF04DB83-3371-4F14-B05B-86C0F7EADF30}.Release|Any CPU.Build.0 = Release|Any CPU
		{6D779718-C02A-4EF1-8E16-229F52A416C7}.Debug|Any CPU.ActiveCfg = Debug|Any CPU
		{6D779718-C02A-4EF1-8E16-229F52A416C7}.Debug|Any CPU.Build.0 = Debug|Any CPU
		{6D779718-C02A-4EF1-8E16-229F52A416C7}.Release|Any CPU.ActiveCfg = Release|Any CPU
		{6D779718-C02A-4EF1-8E16-229F52A416C7}.Release|Any CPU.Build.0 = Release|Any CPU
		{28577B26-CC31-4BC7-A3C0-AF77711A046A}.Debug|Any CPU.ActiveCfg = Debug|Any CPU
		{28577B26-CC31-4BC7-A3C0-AF77711A046A}.Debug|Any CPU.Build.0 = Debug|Any CPU
		{28577B26-CC31-4BC7-A3C0-AF77711A046A}.Release|Any CPU.ActiveCfg = Release|Any CPU
		{28577B26-CC31-4BC7-A3C0-AF77711A046A}.Release|Any CPU.Build.0 = Release|Any CPU
		{81C43FE1-AA19-435F-95A3-6AADFE9637FB}.Debug|Any CPU.ActiveCfg = Debug|Any CPU
		{81C43FE1-AA19-435F-95A3-6AADFE9637FB}.Debug|Any CPU.Build.0 = Debug|Any CPU
		{81C43FE1-AA19-435F-95A3-6AADFE9637FB}.Release|Any CPU.ActiveCfg = Release|Any CPU
		{81C43FE1-AA19-435F-95A3-6AADFE9637FB}.Release|Any CPU.Build.0 = Release|Any CPU
		{ABADBE91-6F23-4646-A0D0-3C0CB30CE1C7}.Debug|Any CPU.ActiveCfg = Debug|Any CPU
		{ABADBE91-6F23-4646-A0D0-3C0CB30CE1C7}.Debug|Any CPU.Build.0 = Debug|Any CPU
		{ABADBE91-6F23-4646-A0D0-3C0CB30CE1C7}.Release|Any CPU.ActiveCfg = Release|Any CPU
		{ABADBE91-6F23-4646-A0D0-3C0CB30CE1C7}.Release|Any CPU.Build.0 = Release|Any CPU
	EndGlobalSection
	GlobalSection(SolutionProperties) = preSolution
		HideSolutionNode = FALSE
	EndGlobalSection
	GlobalSection(NestedProjects) = preSolution
		{29A8AF39-ED3C-4433-8103-3535CE8C32EC} = {10E2B727-375B-4DAF-9341-96516A00B5E1}
		{CF04DB83-3371-4F14-B05B-86C0F7EADF30} = {10E2B727-375B-4DAF-9341-96516A00B5E1}
		{6D779718-C02A-4EF1-8E16-229F52A416C7} = {10E2B727-375B-4DAF-9341-96516A00B5E1}
		{81C43FE1-AA19-435F-95A3-6AADFE9637FB} = {1AA583F8-863F-47D4-9FDF-C43664DAAF6E}
		{ABADBE91-6F23-4646-A0D0-3C0CB30CE1C7} = {1AA583F8-863F-47D4-9FDF-C43664DAAF6E}
	EndGlobalSection
	GlobalSection(ExtensibilityGlobals) = postSolution
		SolutionGuid = {7CBBF4D4-3F0D-47FE-95D2-5BE1D604F9F3}
	EndGlobalSection
EndGlobal
